// !$*UTF8*$!
{
	archiveVersion = 1;
	classes = {
	};
	objectVersion = 46;
	objects = {

/* Begin PBXBuildFile section */
		AED6607C608D2246446A8B7D /* Pods_TRZXPersonalCustomerCenter.framework in Frameworks */ = {isa = PBXBuildFile; fileRef = 6CFE95B46C41FF9321BE2212 /* Pods_TRZXPersonalCustomerCenter.framework */; };
		B70D46391E5FC5CD000E2C4D /* main.m in Sources */ = {isa = PBXBuildFile; fileRef = B70D46381E5FC5CD000E2C4D /* main.m */; };
		B70D463C1E5FC5CD000E2C4D /* AppDelegate.m in Sources */ = {isa = PBXBuildFile; fileRef = B70D463B1E5FC5CD000E2C4D /* AppDelegate.m */; };
		B70D46421E5FC5CD000E2C4D /* Main.storyboard in Resources */ = {isa = PBXBuildFile; fileRef = B70D46401E5FC5CD000E2C4D /* Main.storyboard */; };
		B70D46441E5FC5CD000E2C4D /* Assets.xcassets in Resources */ = {isa = PBXBuildFile; fileRef = B70D46431E5FC5CD000E2C4D /* Assets.xcassets */; };
		B70D46471E5FC5CD000E2C4D /* LaunchScreen.storyboard in Resources */ = {isa = PBXBuildFile; fileRef = B70D46451E5FC5CD000E2C4D /* LaunchScreen.storyboard */; };
		B70D46521E5FC5CD000E2C4D /* TRZXPersonalCustomerCenterTests.m in Sources */ = {isa = PBXBuildFile; fileRef = B70D46511E5FC5CD000E2C4D /* TRZXPersonalCustomerCenterTests.m */; };
		B70D465D1E5FC5CD000E2C4D /* TRZXPersonalCustomerCenterUITests.m in Sources */ = {isa = PBXBuildFile; fileRef = B70D465C1E5FC5CD000E2C4D /* TRZXPersonalCustomerCenterUITests.m */; };
		B70D46A01E5FDBB5000E2C4D /* GuanYuWoMenVC.m in Sources */ = {isa = PBXBuildFile; fileRef = B70D468C1E5FDBB5000E2C4D /* GuanYuWoMenVC.m */; };
		B70D46A11E5FDBB5000E2C4D /* TRZXCustomerCenterController.m in Sources */ = {isa = PBXBuildFile; fileRef = B70D468E1E5FDBB5000E2C4D /* TRZXCustomerCenterController.m */; };
		B70D46A21E5FDBB5000E2C4D /* ZhiNanBangZhuCellVC.m in Sources */ = {isa = PBXBuildFile; fileRef = B70D46901E5FDBB5000E2C4D /* ZhiNanBangZhuCellVC.m */; };
		B70D46A31E5FDBB5000E2C4D /* PersonalModell.m in Sources */ = {isa = PBXBuildFile; fileRef = B70D46931E5FDBB5000E2C4D /* PersonalModell.m */; };
		B70D46A41E5FDBB5000E2C4D /* shangbiao.png in Resources */ = {isa = PBXBuildFile; fileRef = B70D46941E5FDBB5000E2C4D /* shangbiao.png */; };
		B70D46A51E5FDBB5000E2C4D /* 延展@2x.png in Resources */ = {isa = PBXBuildFile; fileRef = B70D46951E5FDBB5000E2C4D /* 延展@2x.png */; };
		B70D46A61E5FDBB5000E2C4D /* BangZhuTableViewCell.m in Sources */ = {isa = PBXBuildFile; fileRef = B70D46981E5FDBB5000E2C4D /* BangZhuTableViewCell.m */; };
		B70D46A71E5FDBB5000E2C4D /* BangZhuTableViewCell.xib in Resources */ = {isa = PBXBuildFile; fileRef = B70D46991E5FDBB5000E2C4D /* BangZhuTableViewCell.xib */; };
		B70D46A81E5FDBB5000E2C4D /* GuanYuWoMenCell.m in Sources */ = {isa = PBXBuildFile; fileRef = B70D469B1E5FDBB5000E2C4D /* GuanYuWoMenCell.m */; };
		B70D46A91E5FDBB5000E2C4D /* GuanYuWoMenCell.xib in Resources */ = {isa = PBXBuildFile; fileRef = B70D469C1E5FDBB5000E2C4D /* GuanYuWoMenCell.xib */; };
		B70D46AA1E5FDBB5000E2C4D /* zhinanCell.m in Sources */ = {isa = PBXBuildFile; fileRef = B70D469E1E5FDBB5000E2C4D /* zhinanCell.m */; };
		B70D46AB1E5FDBB5000E2C4D /* zhinanCell.xib in Resources */ = {isa = PBXBuildFile; fileRef = B70D469F1E5FDBB5000E2C4D /* zhinanCell.xib */; };
		B70D46BB1E601788000E2C4D /* RCDComplaints_Selected.png in Resources */ = {isa = PBXBuildFile; fileRef = B70D46BA1E601788000E2C4D /* RCDComplaints_Selected.png */; };
		B70D46E31E6022F5000E2C4D /* AlbumAddBtn@2x.png in Resources */ = {isa = PBXBuildFile; fileRef = B70D46E21E6022F5000E2C4D /* AlbumAddBtn@2x.png */; };
		B71CFF6B1E70F61800778A37 /* Target_TRZXPersonalCustomerCenter.m in Sources */ = {isa = PBXBuildFile; fileRef = B71CFF6A1E70F61800778A37 /* Target_TRZXPersonalCustomerCenter.m */; };
		B71CFF6E1E70F8F700778A37 /* CTMediator+TRZXCustomerCenterController.m in Sources */ = {isa = PBXBuildFile; fileRef = B71CFF6D1E70F8F700778A37 /* CTMediator+TRZXCustomerCenterController.m */; };
/* End PBXBuildFile section */

/* Begin PBXContainerItemProxy section */
		B70D464E1E5FC5CD000E2C4D /* PBXContainerItemProxy */ = {
			isa = PBXContainerItemProxy;
			containerPortal = B70D462C1E5FC5CD000E2C4D /* Project object */;
			proxyType = 1;
			remoteGlobalIDString = B70D46331E5FC5CD000E2C4D;
			remoteInfo = TRZXPersonalCustomerCenter;
		};
		B70D46591E5FC5CD000E2C4D /* PBXContainerItemProxy */ = {
			isa = PBXContainerItemProxy;
			containerPortal = B70D462C1E5FC5CD000E2C4D /* Project object */;
			proxyType = 1;
			remoteGlobalIDString = B70D46331E5FC5CD000E2C4D;
			remoteInfo = TRZXPersonalCustomerCenter;
		};
/* End PBXContainerItemProxy section */

/* Begin PBXFileReference section */
		26E77BBEF650B7A7B372FEDE /* Pods-TRZXPersonalCustomerCenter.release.xcconfig */ = {isa = PBXFileReference; includeInIndex = 1; lastKnownFileType = text.xcconfig; name = "Pods-TRZXPersonalCustomerCenter.release.xcconfig"; path = "Pods/Target Support Files/Pods-TRZXPersonalCustomerCenter/Pods-TRZXPersonalCustomerCenter.release.xcconfig"; sourceTree = "<group>"; };
		6CFE95B46C41FF9321BE2212 /* Pods_TRZXPersonalCustomerCenter.framework */ = {isa = PBXFileReference; explicitFileType = wrapper.framework; includeInIndex = 0; path = Pods_TRZXPersonalCustomerCenter.framework; sourceTree = BUILT_PRODUCTS_DIR; };
		808028DA22F3AA6E44488ACF /* Pods-TRZXPersonalCustomerCenter.debug.xcconfig */ = {isa = PBXFileReference; includeInIndex = 1; lastKnownFileType = text.xcconfig; name = "Pods-TRZXPersonalCustomerCenter.debug.xcconfig"; path = "Pods/Target Support Files/Pods-TRZXPersonalCustomerCenter/Pods-TRZXPersonalCustomerCenter.debug.xcconfig"; sourceTree = "<group>"; };
		B70D46341E5FC5CD000E2C4D /* TRZXPersonalCustomerCenter.app */ = {isa = PBXFileReference; explicitFileType = wrapper.application; includeInIndex = 0; path = TRZXPersonalCustomerCenter.app; sourceTree = BUILT_PRODUCTS_DIR; };
		B70D46381E5FC5CD000E2C4D /* main.m */ = {isa = PBXFileReference; lastKnownFileType = sourcecode.c.objc; path = main.m; sourceTree = "<group>"; };
		B70D463A1E5FC5CD000E2C4D /* AppDelegate.h */ = {isa = PBXFileReference; lastKnownFileType = sourcecode.c.h; path = AppDelegate.h; sourceTree = "<group>"; };
		B70D463B1E5FC5CD000E2C4D /* AppDelegate.m */ = {isa = PBXFileReference; lastKnownFileType = sourcecode.c.objc; path = AppDelegate.m; sourceTree = "<group>"; };
		B70D46411E5FC5CD000E2C4D /* Base */ = {isa = PBXFileReference; lastKnownFileType = file.storyboard; name = Base; path = Base.lproj/Main.storyboard; sourceTree = "<group>"; };
		B70D46431E5FC5CD000E2C4D /* Assets.xcassets */ = {isa = PBXFileReference; lastKnownFileType = folder.assetcatalog; path = Assets.xcassets; sourceTree = "<group>"; };
		B70D46461E5FC5CD000E2C4D /* Base */ = {isa = PBXFileReference; lastKnownFileType = file.storyboard; name = Base; path = Base.lproj/LaunchScreen.storyboard; sourceTree = "<group>"; };
		B70D46481E5FC5CD000E2C4D /* Info.plist */ = {isa = PBXFileReference; lastKnownFileType = text.plist.xml; path = Info.plist; sourceTree = "<group>"; };
		B70D464D1E5FC5CD000E2C4D /* TRZXPersonalCustomerCenterTests.xctest */ = {isa = PBXFileReference; explicitFileType = wrapper.cfbundle; includeInIndex = 0; path = TRZXPersonalCustomerCenterTests.xctest; sourceTree = BUILT_PRODUCTS_DIR; };
		B70D46511E5FC5CD000E2C4D /* TRZXPersonalCustomerCenterTests.m */ = {isa = PBXFileReference; lastKnownFileType = sourcecode.c.objc; path = TRZXPersonalCustomerCenterTests.m; sourceTree = "<group>"; };
		B70D46531E5FC5CD000E2C4D /* Info.plist */ = {isa = PBXFileReference; lastKnownFileType = text.plist.xml; path = Info.plist; sourceTree = "<group>"; };
		B70D46581E5FC5CD000E2C4D /* TRZXPersonalCustomerCenterUITests.xctest */ = {isa = PBXFileReference; explicitFileType = wrapper.cfbundle; includeInIndex = 0; path = TRZXPersonalCustomerCenterUITests.xctest; sourceTree = BUILT_PRODUCTS_DIR; };
		B70D465C1E5FC5CD000E2C4D /* TRZXPersonalCustomerCenterUITests.m */ = {isa = PBXFileReference; lastKnownFileType = sourcecode.c.objc; path = TRZXPersonalCustomerCenterUITests.m; sourceTree = "<group>"; };
		B70D465E1E5FC5CD000E2C4D /* Info.plist */ = {isa = PBXFileReference; lastKnownFileType = text.plist.xml; path = Info.plist; sourceTree = "<group>"; };
		B70D468B1E5FDBB5000E2C4D /* GuanYuWoMenVC.h */ = {isa = PBXFileReference; fileEncoding = 4; lastKnownFileType = sourcecode.c.h; path = GuanYuWoMenVC.h; sourceTree = "<group>"; };
		B70D468C1E5FDBB5000E2C4D /* GuanYuWoMenVC.m */ = {isa = PBXFileReference; fileEncoding = 4; lastKnownFileType = sourcecode.c.objc; path = GuanYuWoMenVC.m; sourceTree = "<group>"; };
		B70D468D1E5FDBB5000E2C4D /* TRZXCustomerCenterController.h */ = {isa = PBXFileReference; fileEncoding = 4; lastKnownFileType = sourcecode.c.h; path = TRZXCustomerCenterController.h; sourceTree = "<group>"; };
		B70D468E1E5FDBB5000E2C4D /* TRZXCustomerCenterController.m */ = {isa = PBXFileReference; fileEncoding = 4; lastKnownFileType = sourcecode.c.objc; path = TRZXCustomerCenterController.m; sourceTree = "<group>"; };
		B70D468F1E5FDBB5000E2C4D /* ZhiNanBangZhuCellVC.h */ = {isa = PBXFileReference; fileEncoding = 4; lastKnownFileType = sourcecode.c.h; path = ZhiNanBangZhuCellVC.h; sourceTree = "<group>"; };
		B70D46901E5FDBB5000E2C4D /* ZhiNanBangZhuCellVC.m */ = {isa = PBXFileReference; fileEncoding = 4; lastKnownFileType = sourcecode.c.objc; path = ZhiNanBangZhuCellVC.m; sourceTree = "<group>"; };
		B70D46921E5FDBB5000E2C4D /* PersonalModell.h */ = {isa = PBXFileReference; fileEncoding = 4; lastKnownFileType = sourcecode.c.h; path = PersonalModell.h; sourceTree = "<group>"; };
		B70D46931E5FDBB5000E2C4D /* PersonalModell.m */ = {isa = PBXFileReference; fileEncoding = 4; lastKnownFileType = sourcecode.c.objc; path = PersonalModell.m; sourceTree = "<group>"; };
		B70D46941E5FDBB5000E2C4D /* shangbiao.png */ = {isa = PBXFileReference; lastKnownFileType = image.png; path = shangbiao.png; sourceTree = "<group>"; };
		B70D46951E5FDBB5000E2C4D /* 延展@2x.png */ = {isa = PBXFileReference; lastKnownFileType = image.png; path = "延展@2x.png"; sourceTree = "<group>"; };
		B70D46971E5FDBB5000E2C4D /* BangZhuTableViewCell.h */ = {isa = PBXFileReference; fileEncoding = 4; lastKnownFileType = sourcecode.c.h; path = BangZhuTableViewCell.h; sourceTree = "<group>"; };
		B70D46981E5FDBB5000E2C4D /* BangZhuTableViewCell.m */ = {isa = PBXFileReference; fileEncoding = 4; lastKnownFileType = sourcecode.c.objc; path = BangZhuTableViewCell.m; sourceTree = "<group>"; };
		B70D46991E5FDBB5000E2C4D /* BangZhuTableViewCell.xib */ = {isa = PBXFileReference; fileEncoding = 4; lastKnownFileType = file.xib; path = BangZhuTableViewCell.xib; sourceTree = "<group>"; };
		B70D469A1E5FDBB5000E2C4D /* GuanYuWoMenCell.h */ = {isa = PBXFileReference; fileEncoding = 4; lastKnownFileType = sourcecode.c.h; path = GuanYuWoMenCell.h; sourceTree = "<group>"; };
		B70D469B1E5FDBB5000E2C4D /* GuanYuWoMenCell.m */ = {isa = PBXFileReference; fileEncoding = 4; lastKnownFileType = sourcecode.c.objc; path = GuanYuWoMenCell.m; sourceTree = "<group>"; };
		B70D469C1E5FDBB5000E2C4D /* GuanYuWoMenCell.xib */ = {isa = PBXFileReference; fileEncoding = 4; lastKnownFileType = file.xib; path = GuanYuWoMenCell.xib; sourceTree = "<group>"; };
		B70D469D1E5FDBB5000E2C4D /* zhinanCell.h */ = {isa = PBXFileReference; fileEncoding = 4; lastKnownFileType = sourcecode.c.h; path = zhinanCell.h; sourceTree = "<group>"; };
		B70D469E1E5FDBB5000E2C4D /* zhinanCell.m */ = {isa = PBXFileReference; fileEncoding = 4; lastKnownFileType = sourcecode.c.objc; path = zhinanCell.m; sourceTree = "<group>"; };
		B70D469F1E5FDBB5000E2C4D /* zhinanCell.xib */ = {isa = PBXFileReference; fileEncoding = 4; lastKnownFileType = file.xib; path = zhinanCell.xib; sourceTree = "<group>"; };
		B70D46BA1E601788000E2C4D /* RCDComplaints_Selected.png */ = {isa = PBXFileReference; lastKnownFileType = image.png; path = RCDComplaints_Selected.png; sourceTree = "<group>"; };
		B70D46E21E6022F5000E2C4D /* AlbumAddBtn@2x.png */ = {isa = PBXFileReference; lastKnownFileType = image.png; path = "AlbumAddBtn@2x.png"; sourceTree = "<group>"; };
		B71CFF691E70F61800778A37 /* Target_TRZXPersonalCustomerCenter.h */ = {isa = PBXFileReference; fileEncoding = 4; lastKnownFileType = sourcecode.c.h; path = Target_TRZXPersonalCustomerCenter.h; sourceTree = "<group>"; };
		B71CFF6A1E70F61800778A37 /* Target_TRZXPersonalCustomerCenter.m */ = {isa = PBXFileReference; fileEncoding = 4; lastKnownFileType = sourcecode.c.objc; path = Target_TRZXPersonalCustomerCenter.m; sourceTree = "<group>"; };
		B71CFF6C1E70F8F700778A37 /* CTMediator+TRZXCustomerCenterController.h */ = {isa = PBXFileReference; fileEncoding = 4; lastKnownFileType = sourcecode.c.h; path = "CTMediator+TRZXCustomerCenterController.h"; sourceTree = "<group>"; };
		B71CFF6D1E70F8F700778A37 /* CTMediator+TRZXCustomerCenterController.m */ = {isa = PBXFileReference; fileEncoding = 4; lastKnownFileType = sourcecode.c.objc; path = "CTMediator+TRZXCustomerCenterController.m"; sourceTree = "<group>"; };
/* End PBXFileReference section */

/* Begin PBXFrameworksBuildPhase section */
		B70D46311E5FC5CD000E2C4D /* Frameworks */ = {
			isa = PBXFrameworksBuildPhase;
			buildActionMask = 2147483647;
			files = (
				AED6607C608D2246446A8B7D /* Pods_TRZXPersonalCustomerCenter.framework in Frameworks */,
			);
			runOnlyForDeploymentPostprocessing = 0;
		};
		B70D464A1E5FC5CD000E2C4D /* Frameworks */ = {
			isa = PBXFrameworksBuildPhase;
			buildActionMask = 2147483647;
			files = (
			);
			runOnlyForDeploymentPostprocessing = 0;
		};
		B70D46551E5FC5CD000E2C4D /* Frameworks */ = {
			isa = PBXFrameworksBuildPhase;
			buildActionMask = 2147483647;
			files = (
			);
			runOnlyForDeploymentPostprocessing = 0;
		};
/* End PBXFrameworksBuildPhase section */

/* Begin PBXGroup section */
		B70D462B1E5FC5CD000E2C4D = {
			isa = PBXGroup;
			children = (
				B70D46361E5FC5CD000E2C4D /* TRZXPersonalCustomerCenter */,
				B70D46501E5FC5CD000E2C4D /* TRZXPersonalCustomerCenterTests */,
				B70D465B1E5FC5CD000E2C4D /* TRZXPersonalCustomerCenterUITests */,
				B70D46351E5FC5CD000E2C4D /* Products */,
				D5707E57A5694497439A1B79 /* Pods */,
				D5B7A82A278EC329690540EA /* Frameworks */,
			);
			sourceTree = "<group>";
		};
		B70D46351E5FC5CD000E2C4D /* Products */ = {
			isa = PBXGroup;
			children = (
				B70D46341E5FC5CD000E2C4D /* TRZXPersonalCustomerCenter.app */,
				B70D464D1E5FC5CD000E2C4D /* TRZXPersonalCustomerCenterTests.xctest */,
				B70D46581E5FC5CD000E2C4D /* TRZXPersonalCustomerCenterUITests.xctest */,
			);
			name = Products;
			sourceTree = "<group>";
		};
		B70D46361E5FC5CD000E2C4D /* TRZXPersonalCustomerCenter */ = {
			isa = PBXGroup;
			children = (
				B70D466A1E5FC5E7000E2C4D /* TRZXPersonalCustomerCenter */,
				B70D463A1E5FC5CD000E2C4D /* AppDelegate.h */,
				B70D463B1E5FC5CD000E2C4D /* AppDelegate.m */,
				B70D46401E5FC5CD000E2C4D /* Main.storyboard */,
				B70D46431E5FC5CD000E2C4D /* Assets.xcassets */,
				B70D46451E5FC5CD000E2C4D /* LaunchScreen.storyboard */,
				B70D46481E5FC5CD000E2C4D /* Info.plist */,
				B70D46371E5FC5CD000E2C4D /* Supporting Files */,
			);
			path = TRZXPersonalCustomerCenter;
			sourceTree = "<group>";
		};
		B70D46371E5FC5CD000E2C4D /* Supporting Files */ = {
			isa = PBXGroup;
			children = (
				B70D46381E5FC5CD000E2C4D /* main.m */,
			);
			name = "Supporting Files";
			sourceTree = "<group>";
		};
		B70D46501E5FC5CD000E2C4D /* TRZXPersonalCustomerCenterTests */ = {
			isa = PBXGroup;
			children = (
				B70D46511E5FC5CD000E2C4D /* TRZXPersonalCustomerCenterTests.m */,
				B70D46531E5FC5CD000E2C4D /* Info.plist */,
			);
			path = TRZXPersonalCustomerCenterTests;
			sourceTree = "<group>";
		};
		B70D465B1E5FC5CD000E2C4D /* TRZXPersonalCustomerCenterUITests */ = {
			isa = PBXGroup;
			children = (
				B70D465C1E5FC5CD000E2C4D /* TRZXPersonalCustomerCenterUITests.m */,
				B70D465E1E5FC5CD000E2C4D /* Info.plist */,
			);
			path = TRZXPersonalCustomerCenterUITests;
			sourceTree = "<group>";
		};
		B70D466A1E5FC5E7000E2C4D /* TRZXPersonalCustomerCenter */ = {
			isa = PBXGroup;
			children = (
				B70D468A1E5FDBB5000E2C4D /* Controller */,
				B70D46911E5FDBB5000E2C4D /* Model */,
				B70D46961E5FDBB5000E2C4D /* Views */,
			);
			path = TRZXPersonalCustomerCenter;
			sourceTree = "<group>";
		};
		B70D468A1E5FDBB5000E2C4D /* Controller */ = {
			isa = PBXGroup;
			children = (
				B70D468B1E5FDBB5000E2C4D /* GuanYuWoMenVC.h */,
				B70D468C1E5FDBB5000E2C4D /* GuanYuWoMenVC.m */,
				B70D468D1E5FDBB5000E2C4D /* TRZXCustomerCenterController.h */,
				B70D468E1E5FDBB5000E2C4D /* TRZXCustomerCenterController.m */,
				B70D468F1E5FDBB5000E2C4D /* ZhiNanBangZhuCellVC.h */,
				B70D46901E5FDBB5000E2C4D /* ZhiNanBangZhuCellVC.m */,
				B71CFF6C1E70F8F700778A37 /* CTMediator+TRZXCustomerCenterController.h */,
				B71CFF6D1E70F8F700778A37 /* CTMediator+TRZXCustomerCenterController.m */,
				B71CFF691E70F61800778A37 /* Target_TRZXPersonalCustomerCenter.h */,
				B71CFF6A1E70F61800778A37 /* Target_TRZXPersonalCustomerCenter.m */,
			);
			path = Controller;
			sourceTree = "<group>";
		};
		B70D46911E5FDBB5000E2C4D /* Model */ = {
			isa = PBXGroup;
			children = (
				B70D46BA1E601788000E2C4D /* RCDComplaints_Selected.png */,
				B70D46921E5FDBB5000E2C4D /* PersonalModell.h */,
				B70D46931E5FDBB5000E2C4D /* PersonalModell.m */,
				B70D46941E5FDBB5000E2C4D /* shangbiao.png */,
				B70D46951E5FDBB5000E2C4D /* 延展@2x.png */,
				B70D46E21E6022F5000E2C4D /* AlbumAddBtn@2x.png */,
			);
			path = Model;
			sourceTree = "<group>";
		};
		B70D46961E5FDBB5000E2C4D /* Views */ = {
			isa = PBXGroup;
			children = (
				B70D46971E5FDBB5000E2C4D /* BangZhuTableViewCell.h */,
				B70D46981E5FDBB5000E2C4D /* BangZhuTableViewCell.m */,
				B70D46991E5FDBB5000E2C4D /* BangZhuTableViewCell.xib */,
				B70D469A1E5FDBB5000E2C4D /* GuanYuWoMenCell.h */,
				B70D469B1E5FDBB5000E2C4D /* GuanYuWoMenCell.m */,
				B70D469C1E5FDBB5000E2C4D /* GuanYuWoMenCell.xib */,
				B70D469D1E5FDBB5000E2C4D /* zhinanCell.h */,
				B70D469E1E5FDBB5000E2C4D /* zhinanCell.m */,
				B70D469F1E5FDBB5000E2C4D /* zhinanCell.xib */,
			);
			path = Views;
			sourceTree = "<group>";
		};
		D5707E57A5694497439A1B79 /* Pods */ = {
			isa = PBXGroup;
			children = (
				808028DA22F3AA6E44488ACF /* Pods-TRZXPersonalCustomerCenter.debug.xcconfig */,
				26E77BBEF650B7A7B372FEDE /* Pods-TRZXPersonalCustomerCenter.release.xcconfig */,
			);
			name = Pods;
			sourceTree = "<group>";
		};
		D5B7A82A278EC329690540EA /* Frameworks */ = {
			isa = PBXGroup;
			children = (
				6CFE95B46C41FF9321BE2212 /* Pods_TRZXPersonalCustomerCenter.framework */,
			);
			name = Frameworks;
			sourceTree = "<group>";
		};
/* End PBXGroup section */

/* Begin PBXNativeTarget section */
		B70D46331E5FC5CD000E2C4D /* TRZXPersonalCustomerCenter */ = {
			isa = PBXNativeTarget;
			buildConfigurationList = B70D46611E5FC5CD000E2C4D /* Build configuration list for PBXNativeTarget "TRZXPersonalCustomerCenter" */;
			buildPhases = (
				3135C2B70CE731533D099C23 /* [CP] Check Pods Manifest.lock */,
				B70D46301E5FC5CD000E2C4D /* Sources */,
				B70D46311E5FC5CD000E2C4D /* Frameworks */,
				B70D46321E5FC5CD000E2C4D /* Resources */,
				CC5A4E94EDF729A831A9AB73 /* [CP] Embed Pods Frameworks */,
				54A63F042779C1ADC4C88FBF /* [CP] Copy Pods Resources */,
			);
			buildRules = (
			);
			dependencies = (
			);
			name = TRZXPersonalCustomerCenter;
			productName = TRZXPersonalCustomerCenter;
			productReference = B70D46341E5FC5CD000E2C4D /* TRZXPersonalCustomerCenter.app */;
			productType = "com.apple.product-type.application";
		};
		B70D464C1E5FC5CD000E2C4D /* TRZXPersonalCustomerCenterTests */ = {
			isa = PBXNativeTarget;
			buildConfigurationList = B70D46641E5FC5CD000E2C4D /* Build configuration list for PBXNativeTarget "TRZXPersonalCustomerCenterTests" */;
			buildPhases = (
				B70D46491E5FC5CD000E2C4D /* Sources */,
				B70D464A1E5FC5CD000E2C4D /* Frameworks */,
				B70D464B1E5FC5CD000E2C4D /* Resources */,
			);
			buildRules = (
			);
			dependencies = (
				B70D464F1E5FC5CD000E2C4D /* PBXTargetDependency */,
			);
			name = TRZXPersonalCustomerCenterTests;
			productName = TRZXPersonalCustomerCenterTests;
			productReference = B70D464D1E5FC5CD000E2C4D /* TRZXPersonalCustomerCenterTests.xctest */;
			productType = "com.apple.product-type.bundle.unit-test";
		};
		B70D46571E5FC5CD000E2C4D /* TRZXPersonalCustomerCenterUITests */ = {
			isa = PBXNativeTarget;
			buildConfigurationList = B70D46671E5FC5CD000E2C4D /* Build configuration list for PBXNativeTarget "TRZXPersonalCustomerCenterUITests" */;
			buildPhases = (
				B70D46541E5FC5CD000E2C4D /* Sources */,
				B70D46551E5FC5CD000E2C4D /* Frameworks */,
				B70D46561E5FC5CD000E2C4D /* Resources */,
			);
			buildRules = (
			);
			dependencies = (
				B70D465A1E5FC5CD000E2C4D /* PBXTargetDependency */,
			);
			name = TRZXPersonalCustomerCenterUITests;
			productName = TRZXPersonalCustomerCenterUITests;
			productReference = B70D46581E5FC5CD000E2C4D /* TRZXPersonalCustomerCenterUITests.xctest */;
			productType = "com.apple.product-type.bundle.ui-testing";
		};
/* End PBXNativeTarget section */

/* Begin PBXProject section */
		B70D462C1E5FC5CD000E2C4D /* Project object */ = {
			isa = PBXProject;
			attributes = {
				LastUpgradeCheck = 0820;
				ORGANIZATIONNAME = "张江威";
				TargetAttributes = {
					B70D46331E5FC5CD000E2C4D = {
						CreatedOnToolsVersion = 8.2;
						ProvisioningStyle = Automatic;
					};
					B70D464C1E5FC5CD000E2C4D = {
						CreatedOnToolsVersion = 8.2;
						ProvisioningStyle = Automatic;
						TestTargetID = B70D46331E5FC5CD000E2C4D;
					};
					B70D46571E5FC5CD000E2C4D = {
						CreatedOnToolsVersion = 8.2;
						ProvisioningStyle = Automatic;
						TestTargetID = B70D46331E5FC5CD000E2C4D;
					};
				};
			};
			buildConfigurationList = B70D462F1E5FC5CD000E2C4D /* Build configuration list for PBXProject "TRZXPersonalCustomerCenter" */;
			compatibilityVersion = "Xcode 3.2";
			developmentRegion = English;
			hasScannedForEncodings = 0;
			knownRegions = (
				en,
				Base,
			);
			mainGroup = B70D462B1E5FC5CD000E2C4D;
			productRefGroup = B70D46351E5FC5CD000E2C4D /* Products */;
			projectDirPath = "";
			projectRoot = "";
			targets = (
				B70D46331E5FC5CD000E2C4D /* TRZXPersonalCustomerCenter */,
				B70D464C1E5FC5CD000E2C4D /* TRZXPersonalCustomerCenterTests */,
				B70D46571E5FC5CD000E2C4D /* TRZXPersonalCustomerCenterUITests */,
			);
		};
/* End PBXProject section */

/* Begin PBXResourcesBuildPhase section */
		B70D46321E5FC5CD000E2C4D /* Resources */ = {
			isa = PBXResourcesBuildPhase;
			buildActionMask = 2147483647;
			files = (
				B70D46A41E5FDBB5000E2C4D /* shangbiao.png in Resources */,
				B70D46471E5FC5CD000E2C4D /* LaunchScreen.storyboard in Resources */,
				B70D46A91E5FDBB5000E2C4D /* GuanYuWoMenCell.xib in Resources */,
				B70D46441E5FC5CD000E2C4D /* Assets.xcassets in Resources */,
				B70D46421E5FC5CD000E2C4D /* Main.storyboard in Resources */,
				B70D46E31E6022F5000E2C4D /* AlbumAddBtn@2x.png in Resources */,
				B70D46A51E5FDBB5000E2C4D /* 延展@2x.png in Resources */,
				B70D46BB1E601788000E2C4D /* RCDComplaints_Selected.png in Resources */,
				B70D46A71E5FDBB5000E2C4D /* BangZhuTableViewCell.xib in Resources */,
				B70D46AB1E5FDBB5000E2C4D /* zhinanCell.xib in Resources */,
			);
			runOnlyForDeploymentPostprocessing = 0;
		};
		B70D464B1E5FC5CD000E2C4D /* Resources */ = {
			isa = PBXResourcesBuildPhase;
			buildActionMask = 2147483647;
			files = (
			);
			runOnlyForDeploymentPostprocessing = 0;
		};
		B70D46561E5FC5CD000E2C4D /* Resources */ = {
			isa = PBXResourcesBuildPhase;
			buildActionMask = 2147483647;
			files = (
			);
			runOnlyForDeploymentPostprocessing = 0;
		};
/* End PBXResourcesBuildPhase section */

/* Begin PBXShellScriptBuildPhase section */
		3135C2B70CE731533D099C23 /* [CP] Check Pods Manifest.lock */ = {
			isa = PBXShellScriptBuildPhase;
			buildActionMask = 2147483647;
			files = (
			);
			inputPaths = (
			);
			name = "[CP] Check Pods Manifest.lock";
			outputPaths = (
			);
			runOnlyForDeploymentPostprocessing = 0;
			shellPath = /bin/sh;
			shellScript = "diff \"${PODS_ROOT}/../Podfile.lock\" \"${PODS_ROOT}/Manifest.lock\" > /dev/null\nif [ $? != 0 ] ; then\n    # print error to STDERR\n    echo \"error: The sandbox is not in sync with the Podfile.lock. Run 'pod install' or update your CocoaPods installation.\" >&2\n    exit 1\nfi\n";
			showEnvVarsInLog = 0;
		};
		54A63F042779C1ADC4C88FBF /* [CP] Copy Pods Resources */ = {
			isa = PBXShellScriptBuildPhase;
			buildActionMask = 2147483647;
			files = (
			);
			inputPaths = (
			);
			name = "[CP] Copy Pods Resources";
			outputPaths = (
			);
			runOnlyForDeploymentPostprocessing = 0;
			shellPath = /bin/sh;
			shellScript = "\"${SRCROOT}/Pods/Target Support Files/Pods-TRZXPersonalCustomerCenter/Pods-TRZXPersonalCustomerCenter-resources.sh\"\n";
			showEnvVarsInLog = 0;
		};
		CC5A4E94EDF729A831A9AB73 /* [CP] Embed Pods Frameworks */ = {
			isa = PBXShellScriptBuildPhase;
			buildActionMask = 2147483647;
			files = (
			);
			inputPaths = (
			);
			name = "[CP] Embed Pods Frameworks";
			outputPaths = (
			);
			runOnlyForDeploymentPostprocessing = 0;
			shellPath = /bin/sh;
			shellScript = "\"${SRCROOT}/Pods/Target Support Files/Pods-TRZXPersonalCustomerCenter/Pods-TRZXPersonalCustomerCenter-frameworks.sh\"\n";
			showEnvVarsInLog = 0;
		};
/* End PBXShellScriptBuildPhase section */

/* Begin PBXSourcesBuildPhase section */
		B70D46301E5FC5CD000E2C4D /* Sources */ = {
			isa = PBXSourcesBuildPhase;
			buildActionMask = 2147483647;
			files = (
				B71CFF6B1E70F61800778A37 /* Target_TRZXPersonalCustomerCenter.m in Sources */,
				B71CFF6E1E70F8F700778A37 /* CTMediator+TRZXCustomerCenterController.m in Sources */,
				B70D46A31E5FDBB5000E2C4D /* PersonalModell.m in Sources */,
				B70D46AA1E5FDBB5000E2C4D /* zhinanCell.m in Sources */,
				B70D46A61E5FDBB5000E2C4D /* BangZhuTableViewCell.m in Sources */,
				B70D46A21E5FDBB5000E2C4D /* ZhiNanBangZhuCellVC.m in Sources */,
				B70D46A81E5FDBB5000E2C4D /* GuanYuWoMenCell.m in Sources */,
				B70D46A11E5FDBB5000E2C4D /* TRZXCustomerCenterController.m in Sources */,
				B70D463C1E5FC5CD000E2C4D /* AppDelegate.m in Sources */,
				B70D46391E5FC5CD000E2C4D /* main.m in Sources */,
				B70D46A01E5FDBB5000E2C4D /* GuanYuWoMenVC.m in Sources */,
			);
			runOnlyForDeploymentPostprocessing = 0;
		};
		B70D46491E5FC5CD000E2C4D /* Sources */ = {
			isa = PBXSourcesBuildPhase;
			buildActionMask = 2147483647;
			files = (
				B70D46521E5FC5CD000E2C4D /* TRZXPersonalCustomerCenterTests.m in Sources */,
			);
			runOnlyForDeploymentPostprocessing = 0;
		};
		B70D46541E5FC5CD000E2C4D /* Sources */ = {
			isa = PBXSourcesBuildPhase;
			buildActionMask = 2147483647;
			files = (
				B70D465D1E5FC5CD000E2C4D /* TRZXPersonalCustomerCenterUITests.m in Sources */,
			);
			runOnlyForDeploymentPostprocessing = 0;
		};
/* End PBXSourcesBuildPhase section */

/* Begin PBXTargetDependency section */
		B70D464F1E5FC5CD000E2C4D /* PBXTargetDependency */ = {
			isa = PBXTargetDependency;
			target = B70D46331E5FC5CD000E2C4D /* TRZXPersonalCustomerCenter */;
			targetProxy = B70D464E1E5FC5CD000E2C4D /* PBXContainerItemProxy */;
		};
		B70D465A1E5FC5CD000E2C4D /* PBXTargetDependency */ = {
			isa = PBXTargetDependency;
			target = B70D46331E5FC5CD000E2C4D /* TRZXPersonalCustomerCenter */;
			targetProxy = B70D46591E5FC5CD000E2C4D /* PBXContainerItemProxy */;
		};
/* End PBXTargetDependency section */

/* Begin PBXVariantGroup section */
		B70D46401E5FC5CD000E2C4D /* Main.storyboard */ = {
			isa = PBXVariantGroup;
			children = (
				B70D46411E5FC5CD000E2C4D /* Base */,
			);
			name = Main.storyboard;
			sourceTree = "<group>";
		};
		B70D46451E5FC5CD000E2C4D /* LaunchScreen.storyboard */ = {
			isa = PBXVariantGroup;
			children = (
				B70D46461E5FC5CD000E2C4D /* Base */,
			);
			name = LaunchScreen.storyboard;
			sourceTree = "<group>";
		};
/* End PBXVariantGroup section */

/* Begin XCBuildConfiguration section */
		B70D465F1E5FC5CD000E2C4D /* Debug */ = {
			isa = XCBuildConfiguration;
			buildSettings = {
				ALWAYS_SEARCH_USER_PATHS = NO;
				CLANG_ANALYZER_NONNULL = YES;
				CLANG_CXX_LANGUAGE_STANDARD = "gnu++0x";
				CLANG_CXX_LIBRARY = "libc++";
				CLANG_ENABLE_MODULES = YES;
				CLANG_ENABLE_OBJC_ARC = YES;
				CLANG_WARN_BOOL_CONVERSION = YES;
				CLANG_WARN_CONSTANT_CONVERSION = YES;
				CLANG_WARN_DIRECT_OBJC_ISA_USAGE = YES_ERROR;
				CLANG_WARN_DOCUMENTATION_COMMENTS = YES;
				CLANG_WARN_EMPTY_BODY = YES;
				CLANG_WARN_ENUM_CONVERSION = YES;
				CLANG_WARN_INFINITE_RECURSION = YES;
				CLANG_WARN_INT_CONVERSION = YES;
				CLANG_WARN_OBJC_ROOT_CLASS = YES_ERROR;
				CLANG_WARN_SUSPICIOUS_MOVE = YES;
				CLANG_WARN_UNREACHABLE_CODE = YES;
				CLANG_WARN__DUPLICATE_METHOD_MATCH = YES;
				"CODE_SIGN_IDENTITY[sdk=iphoneos*]" = "iPhone Developer";
				COPY_PHASE_STRIP = NO;
				DEBUG_INFORMATION_FORMAT = dwarf;
				ENABLE_STRICT_OBJC_MSGSEND = YES;
				ENABLE_TESTABILITY = YES;
				GCC_C_LANGUAGE_STANDARD = gnu99;
				GCC_DYNAMIC_NO_PIC = NO;
				GCC_NO_COMMON_BLOCKS = YES;
				GCC_OPTIMIZATION_LEVEL = 0;
				GCC_PREPROCESSOR_DEFINITIONS = (
					"DEBUG=1",
					"$(inherited)",
				);
				GCC_WARN_64_TO_32_BIT_CONVERSION = YES;
				GCC_WARN_ABOUT_RETURN_TYPE = YES_ERROR;
				GCC_WARN_UNDECLARED_SELECTOR = YES;
				GCC_WARN_UNINITIALIZED_AUTOS = YES_AGGRESSIVE;
				GCC_WARN_UNUSED_FUNCTION = YES;
				GCC_WARN_UNUSED_VARIABLE = YES;
				IPHONEOS_DEPLOYMENT_TARGET = 10.2;
				MTL_ENABLE_DEBUG_INFO = YES;
				ONLY_ACTIVE_ARCH = YES;
				SDKROOT = iphoneos;
				TARGETED_DEVICE_FAMILY = "1,2";
			};
			name = Debug;
		};
		B70D46601E5FC5CD000E2C4D /* Release */ = {
			isa = XCBuildConfiguration;
			buildSettings = {
				ALWAYS_SEARCH_USER_PATHS = NO;
				CLANG_ANALYZER_NONNULL = YES;
				CLANG_CXX_LANGUAGE_STANDARD = "gnu++0x";
				CLANG_CXX_LIBRARY = "libc++";
				CLANG_ENABLE_MODULES = YES;
				CLANG_ENABLE_OBJC_ARC = YES;
				CLANG_WARN_BOOL_CONVERSION = YES;
				CLANG_WARN_CONSTANT_CONVERSION = YES;
				CLANG_WARN_DIRECT_OBJC_ISA_USAGE = YES_ERROR;
				CLANG_WARN_DOCUMENTATION_COMMENTS = YES;
				CLANG_WARN_EMPTY_BODY = YES;
				CLANG_WARN_ENUM_CONVERSION = YES;
				CLANG_WARN_INFINITE_RECURSION = YES;
				CLANG_WARN_INT_CONVERSION = YES;
				CLANG_WARN_OBJC_ROOT_CLASS = YES_ERROR;
				CLANG_WARN_SUSPICIOUS_MOVE = YES;
				CLANG_WARN_UNREACHABLE_CODE = YES;
				CLANG_WARN__DUPLICATE_METHOD_MATCH = YES;
				"CODE_SIGN_IDENTITY[sdk=iphoneos*]" = "iPhone Developer";
				COPY_PHASE_STRIP = NO;
				DEBUG_INFORMATION_FORMAT = "dwarf-with-dsym";
				ENABLE_NS_ASSERTIONS = NO;
				ENABLE_STRICT_OBJC_MSGSEND = YES;
				GCC_C_LANGUAGE_STANDARD = gnu99;
				GCC_NO_COMMON_BLOCKS = YES;
				GCC_WARN_64_TO_32_BIT_CONVERSION = YES;
				GCC_WARN_ABOUT_RETURN_TYPE = YES_ERROR;
				GCC_WARN_UNDECLARED_SELECTOR = YES;
				GCC_WARN_UNINITIALIZED_AUTOS = YES_AGGRESSIVE;
				GCC_WARN_UNUSED_FUNCTION = YES;
				GCC_WARN_UNUSED_VARIABLE = YES;
				IPHONEOS_DEPLOYMENT_TARGET = 10.2;
				MTL_ENABLE_DEBUG_INFO = NO;
				SDKROOT = iphoneos;
				TARGETED_DEVICE_FAMILY = "1,2";
				VALIDATE_PRODUCT = YES;
			};
			name = Release;
		};
		B70D46621E5FC5CD000E2C4D /* Debug */ = {
			isa = XCBuildConfiguration;
			baseConfigurationReference = 808028DA22F3AA6E44488ACF /* Pods-TRZXPersonalCustomerCenter.debug.xcconfig */;
			buildSettings = {
				ASSETCATALOG_COMPILER_APPICON_NAME = AppIcon;
				INFOPLIST_FILE = TRZXPersonalCustomerCenter/Info.plist;
				IPHONEOS_DEPLOYMENT_TARGET = 8.0;
				LD_RUNPATH_SEARCH_PATHS = "$(inherited) @executable_path/Frameworks";
				PRODUCT_BUNDLE_IDENTIFIER = com.JWZhang.TRZXPersonalCustomerCenter;
				PRODUCT_NAME = "$(TARGET_NAME)";
			};
			name = Debug;
		};
		B70D46631E5FC5CD000E2C4D /* Release */ = {
			isa = XCBuildConfiguration;
			baseConfigurationReference = 26E77BBEF650B7A7B372FEDE /* Pods-TRZXPersonalCustomerCenter.release.xcconfig */;
			buildSettings = {
				ASSETCATALOG_COMPILER_APPICON_NAME = AppIcon;
				INFOPLIST_FILE = TRZXPersonalCustomerCenter/Info.plist;
				IPHONEOS_DEPLOYMENT_TARGET = 8.0;
				LD_RUNPATH_SEARCH_PATHS = "$(inherited) @executable_path/Frameworks";
				PRODUCT_BUNDLE_IDENTIFIER = com.JWZhang.TRZXPersonalCustomerCenter;
				PRODUCT_NAME = "$(TARGET_NAME)";
			};
			name = Release;
		};
		B70D46651E5FC5CD000E2C4D /* Debug */ = {
			isa = XCBuildConfiguration;
			buildSettings = {
				BUNDLE_LOADER = "$(TEST_HOST)";
				INFOPLIST_FILE = TRZXPersonalCustomerCenterTests/Info.plist;
				LD_RUNPATH_SEARCH_PATHS = "$(inherited) @executable_path/Frameworks @loader_path/Frameworks";
				PRODUCT_BUNDLE_IDENTIFIER = com.JWZhang.TRZXPersonalCustomerCenterTests;
				PRODUCT_NAME = "$(TARGET_NAME)";
				TEST_HOST = "$(BUILT_PRODUCTS_DIR)/TRZXPersonalCustomerCenter.app/TRZXPersonalCustomerCenter";
			};
			name = Debug;
		};
		B70D46661E5FC5CD000E2C4D /* Release */ = {
			isa = XCBuildConfiguration;
			buildSettings = {
				BUNDLE_LOADER = "$(TEST_HOST)";
				INFOPLIST_FILE = TRZXPersonalCustomerCenterTests/Info.plist;
				LD_RUNPATH_SEARCH_PATHS = "$(inherited) @executable_path/Frameworks @loader_path/Frameworks";
				PRODUCT_BUNDLE_IDENTIFIER = com.JWZhang.TRZXPersonalCustomerCenterTests;
				PRODUCT_NAME = "$(TARGET_NAME)";
				TEST_HOST = "$(BUILT_PRODUCTS_DIR)/TRZXPersonalCustomerCenter.app/TRZXPersonalCustomerCenter";
			};
			name = Release;
		};
		B70D46681E5FC5CD000E2C4D /* Debug */ = {
			isa = XCBuildConfiguration;
			buildSettings = {
				INFOPLIST_FILE = TRZXPersonalCustomerCenterUITests/Info.plist;
				LD_RUNPATH_SEARCH_PATHS = "$(inherited) @executable_path/Frameworks @loader_path/Frameworks";
				PRODUCT_BUNDLE_IDENTIFIER = com.JWZhang.TRZXPersonalCustomerCenterUITests;
				PRODUCT_NAME = "$(TARGET_NAME)";
				TEST_TARGET_NAME = TRZXPersonalCustomerCenter;
			};
			name = Debug;
		};
		B70D46691E5FC5CD000E2C4D /* Release */ = {
			isa = XCBuildConfiguration;
			buildSettings = {
				INFOPLIST_FILE = TRZXPersonalCustomerCenterUITests/Info.plist;
				LD_RUNPATH_SEARCH_PATHS = "$(inherited) @executable_path/Frameworks @loader_path/Frameworks";
				PRODUCT_BUNDLE_IDENTIFIER = com.JWZhang.TRZXPersonalCustomerCenterUITests;
				PRODUCT_NAME = "$(TARGET_NAME)";
				TEST_TARGET_NAME = TRZXPersonalCustomerCenter;
			};
			name = Release;
		};
/* End XCBuildConfiguration section */

/* Begin XCConfigurationList section */
		B70D462F1E5FC5CD000E2C4D /* Build configuration list for PBXProject "TRZXPersonalCustomerCenter" */ = {
			isa = XCConfigurationList;
			buildConfigurations = (
				B70D465F1E5FC5CD000E2C4D /* Debug */,
				B70D46601E5FC5CD000E2C4D /* Release */,
			);
			defaultConfigurationIsVisible = 0;
			defaultConfigurationName = Release;
		};
		B70D46611E5FC5CD000E2C4D /* Build configuration list for PBXNativeTarget "TRZXPersonalCustomerCenter" */ = {
			isa = XCConfigurationList;
			buildConfigurations = (
				B70D46621E5FC5CD000E2C4D /* Debug */,
				B70D46631E5FC5CD000E2C4D /* Release */,
			);
			defaultConfigurationIsVisible = 0;
			defaultConfigurationName = Release;
		};
		B70D46641E5FC5CD000E2C4D /* Build configuration list for PBXNativeTarget "TRZXPersonalCustomerCenterTests" */ = {
			isa = XCConfigurationList;
			buildConfigurations = (
				B70D46651E5FC5CD000E2C4D /* Debug */,
				B70D46661E5FC5CD000E2C4D /* Release */,
			);
			defaultConfigurationIsVisible = 0;
			defaultConfigurationName = Release;
		};
		B70D46671E5FC5CD000E2C4D /* Build configuration list for PBXNativeTarget "TRZXPersonalCustomerCenterUITests" */ = {
			isa = XCConfigurationList;
			buildConfigurations = (
				B70D46681E5FC5CD000E2C4D /* Debug */,
				B70D46691E5FC5CD000E2C4D /* Release */,
			);
			defaultConfigurationIsVisible = 0;
			defaultConfigurationName = Release;
		};
/* End XCConfigurationList section */
	};
	rootObject = B70D462C1E5FC5CD000E2C4D /* Project object */;
}
